// !$*UTF8*$!
{
	archiveVersion = 1;
	classes = {
	};
	objectVersion = 55;
	objects = {

/* Begin PBXBuildFile section */
		AF1A7EC2288B131300CDA821 /* AppDelegate.swift in Sources */ = {isa = PBXBuildFile; fileRef = AF1A7EC1288B131300CDA821 /* AppDelegate.swift */; };
		AF1A7EC4288B131300CDA821 /* SceneDelegate.swift in Sources */ = {isa = PBXBuildFile; fileRef = AF1A7EC3288B131300CDA821 /* SceneDelegate.swift */; };
		AF1A7ECB288B131B00CDA821 /* Assets.xcassets in Resources */ = {isa = PBXBuildFile; fileRef = AF1A7ECA288B131B00CDA821 /* Assets.xcassets */; };
		AF1A7ECE288B131B00CDA821 /* LaunchScreen.storyboard in Resources */ = {isa = PBXBuildFile; fileRef = AF1A7ECC288B131B00CDA821 /* LaunchScreen.storyboard */; };
		AF1A7ED6288B135800CDA821 /* TabBarController.swift in Sources */ = {isa = PBXBuildFile; fileRef = AF1A7ED5288B135800CDA821 /* TabBarController.swift */; };
		AF1A7EDA288B16DE00CDA821 /* PlaylistVC.swift in Sources */ = {isa = PBXBuildFile; fileRef = AF1A7ED9288B16DE00CDA821 /* PlaylistVC.swift */; };
		AF1A7EDC288B339200CDA821 /* TrackModel.swift in Sources */ = {isa = PBXBuildFile; fileRef = AF1A7EDB288B339200CDA821 /* TrackModel.swift */; };
		AF1A7EE0288BF73400CDA821 /* NetworkService.swift in Sources */ = {isa = PBXBuildFile; fileRef = AF1A7EDF288BF73400CDA821 /* NetworkService.swift */; };
		AF1A7EE9288BFEA800CDA821 /* SearchPresenter.swift in Sources */ = {isa = PBXBuildFile; fileRef = AF1A7EE2288BFEA800CDA821 /* SearchPresenter.swift */; };
		AF1A7EEA288BFEA800CDA821 /* SearchWorker.swift in Sources */ = {isa = PBXBuildFile; fileRef = AF1A7EE3288BFEA800CDA821 /* SearchWorker.swift */; };
		AF1A7EEB288BFEA800CDA821 /* SearchRouter.swift in Sources */ = {isa = PBXBuildFile; fileRef = AF1A7EE4288BFEA800CDA821 /* SearchRouter.swift */; };
		AF1A7EEC288BFEA800CDA821 /* SearchModels.swift in Sources */ = {isa = PBXBuildFile; fileRef = AF1A7EE5288BFEA800CDA821 /* SearchModels.swift */; };
		AF1A7EED288BFEA800CDA821 /* SearchViewController.swift in Sources */ = {isa = PBXBuildFile; fileRef = AF1A7EE6288BFEA800CDA821 /* SearchViewController.swift */; };
		AF1A7EEE288BFEA800CDA821 /* SearchInteractor.swift in Sources */ = {isa = PBXBuildFile; fileRef = AF1A7EE7288BFEA800CDA821 /* SearchInteractor.swift */; };
		AF1A7EF2288C0A2A00CDA821 /* SearchViewController.storyboard in Resources */ = {isa = PBXBuildFile; fileRef = AF1A7EF1288C0A2A00CDA821 /* SearchViewController.storyboard */; };
		AF1A7EF4288C0DD600CDA821 /* UIVC+Storyboard.swift in Sources */ = {isa = PBXBuildFile; fileRef = AF1A7EF3288C0DD500CDA821 /* UIVC+Storyboard.swift */; };
		AF1A7EF7288C300D00CDA821 /* SearchVC+.swift in Sources */ = {isa = PBXBuildFile; fileRef = AF1A7EF6288C300D00CDA821 /* SearchVC+.swift */; };
		AF1A7EFD288D263200CDA821 /* TrackCell.xib in Resources */ = {isa = PBXBuildFile; fileRef = AF1A7EFC288D263200CDA821 /* TrackCell.xib */; };
		AF1A7EFF288D264500CDA821 /* TrackCell.swift in Sources */ = {isa = PBXBuildFile; fileRef = AF1A7EFE288D264500CDA821 /* TrackCell.swift */; };
		D13D58B1B52E5160ED326786 /* Pods_R___music.framework in Frameworks */ = {isa = PBXBuildFile; fileRef = E65505FC8F857FF99CD22349 /* Pods_R___music.framework */; };
/* End PBXBuildFile section */

/* Begin PBXFileReference section */
		60F7C13A45FB7E8CBF30CDFA /* Pods-R • music.debug.xcconfig */ = {isa = PBXFileReference; includeInIndex = 1; lastKnownFileType = text.xcconfig; name = "Pods-R • music.debug.xcconfig"; path = "Target Support Files/Pods-R • music/Pods-R • music.debug.xcconfig"; sourceTree = "<group>"; };
		AF1A7EBE288B131300CDA821 /* R • music.app */ = {isa = PBXFileReference; explicitFileType = wrapper.application; includeInIndex = 0; path = "R • music.app"; sourceTree = BUILT_PRODUCTS_DIR; };
		AF1A7EC1288B131300CDA821 /* AppDelegate.swift */ = {isa = PBXFileReference; lastKnownFileType = sourcecode.swift; path = AppDelegate.swift; sourceTree = "<group>"; };
		AF1A7EC3288B131300CDA821 /* SceneDelegate.swift */ = {isa = PBXFileReference; lastKnownFileType = sourcecode.swift; path = SceneDelegate.swift; sourceTree = "<group>"; };
		AF1A7ECA288B131B00CDA821 /* Assets.xcassets */ = {isa = PBXFileReference; lastKnownFileType = folder.assetcatalog; path = Assets.xcassets; sourceTree = "<group>"; };
		AF1A7ECD288B131B00CDA821 /* Base */ = {isa = PBXFileReference; lastKnownFileType = file.storyboard; name = Base; path = Base.lproj/LaunchScreen.storyboard; sourceTree = "<group>"; };
		AF1A7ECF288B131B00CDA821 /* Info.plist */ = {isa = PBXFileReference; lastKnownFileType = text.plist.xml; path = Info.plist; sourceTree = "<group>"; };
		AF1A7ED5288B135800CDA821 /* TabBarController.swift */ = {isa = PBXFileReference; lastKnownFileType = sourcecode.swift; path = TabBarController.swift; sourceTree = "<group>"; };
		AF1A7ED9288B16DE00CDA821 /* PlaylistVC.swift */ = {isa = PBXFileReference; lastKnownFileType = sourcecode.swift; path = PlaylistVC.swift; sourceTree = "<group>"; };
		AF1A7EDB288B339200CDA821 /* TrackModel.swift */ = {isa = PBXFileReference; lastKnownFileType = sourcecode.swift; path = TrackModel.swift; sourceTree = "<group>"; };
		AF1A7EDF288BF73400CDA821 /* NetworkService.swift */ = {isa = PBXFileReference; lastKnownFileType = sourcecode.swift; path = NetworkService.swift; sourceTree = "<group>"; };
		AF1A7EE2288BFEA800CDA821 /* SearchPresenter.swift */ = {isa = PBXFileReference; lastKnownFileType = sourcecode.swift; path = SearchPresenter.swift; sourceTree = "<group>"; };
		AF1A7EE3288BFEA800CDA821 /* SearchWorker.swift */ = {isa = PBXFileReference; lastKnownFileType = sourcecode.swift; path = SearchWorker.swift; sourceTree = "<group>"; };
		AF1A7EE4288BFEA800CDA821 /* SearchRouter.swift */ = {isa = PBXFileReference; lastKnownFileType = sourcecode.swift; path = SearchRouter.swift; sourceTree = "<group>"; };
		AF1A7EE5288BFEA800CDA821 /* SearchModels.swift */ = {isa = PBXFileReference; lastKnownFileType = sourcecode.swift; path = SearchModels.swift; sourceTree = "<group>"; };
		AF1A7EE6288BFEA800CDA821 /* SearchViewController.swift */ = {isa = PBXFileReference; lastKnownFileType = sourcecode.swift; path = SearchViewController.swift; sourceTree = "<group>"; };
		AF1A7EE7288BFEA800CDA821 /* SearchInteractor.swift */ = {isa = PBXFileReference; lastKnownFileType = sourcecode.swift; path = SearchInteractor.swift; sourceTree = "<group>"; };
		AF1A7EF1288C0A2A00CDA821 /* SearchViewController.storyboard */ = {isa = PBXFileReference; lastKnownFileType = file.storyboard; path = SearchViewController.storyboard; sourceTree = "<group>"; };
		AF1A7EF3288C0DD500CDA821 /* UIVC+Storyboard.swift */ = {isa = PBXFileReference; lastKnownFileType = sourcecode.swift; path = "UIVC+Storyboard.swift"; sourceTree = "<group>"; };
		AF1A7EF6288C300D00CDA821 /* SearchVC+.swift */ = {isa = PBXFileReference; lastKnownFileType = sourcecode.swift; path = "SearchVC+.swift"; sourceTree = "<group>"; };
		AF1A7EFC288D263200CDA821 /* TrackCell.xib */ = {isa = PBXFileReference; lastKnownFileType = file.xib; path = TrackCell.xib; sourceTree = "<group>"; };
		AF1A7EFE288D264500CDA821 /* TrackCell.swift */ = {isa = PBXFileReference; lastKnownFileType = sourcecode.swift; path = TrackCell.swift; sourceTree = "<group>"; };
		C1B250B1099BAB02776D404D /* Pods-R • music.release.xcconfig */ = {isa = PBXFileReference; includeInIndex = 1; lastKnownFileType = text.xcconfig; name = "Pods-R • music.release.xcconfig"; path = "Target Support Files/Pods-R • music/Pods-R • music.release.xcconfig"; sourceTree = "<group>"; };
		E65505FC8F857FF99CD22349 /* Pods_R___music.framework */ = {isa = PBXFileReference; explicitFileType = wrapper.framework; includeInIndex = 0; path = "Pods_R___music.framework"; sourceTree = BUILT_PRODUCTS_DIR; };
/* End PBXFileReference section */

/* Begin PBXFrameworksBuildPhase section */
		AF1A7EBB288B131300CDA821 /* Frameworks */ = {
			isa = PBXFrameworksBuildPhase;
			buildActionMask = 2147483647;
			files = (
				D13D58B1B52E5160ED326786 /* Pods_R___music.framework in Frameworks */,
			);
			runOnlyForDeploymentPostprocessing = 0;
		};
/* End PBXFrameworksBuildPhase section */

/* Begin PBXGroup section */
		0FB95E2133C52509EF3E6606 /* Pods */ = {
			isa = PBXGroup;
			children = (
				60F7C13A45FB7E8CBF30CDFA /* Pods-R • music.debug.xcconfig */,
				C1B250B1099BAB02776D404D /* Pods-R • music.release.xcconfig */,
			);
			path = Pods;
			sourceTree = "<group>";
		};
		AF1A7EB5288B131300CDA821 = {
			isa = PBXGroup;
			children = (
				AF1A7EC0288B131300CDA821 /* R • music */,
				AF1A7EBF288B131300CDA821 /* Products */,
				0FB95E2133C52509EF3E6606 /* Pods */,
				C977FFE407DCDCC78901B075 /* Frameworks */,
			);
			sourceTree = "<group>";
		};
		AF1A7EBF288B131300CDA821 /* Products */ = {
			isa = PBXGroup;
			children = (
				AF1A7EBE288B131300CDA821 /* R • music.app */,
			);
			name = Products;
			sourceTree = "<group>";
		};
		AF1A7EC0288B131300CDA821 /* R • music */ = {
			isa = PBXGroup;
			children = (
				AF1A7EF8288C304D00CDA821 /* Delegate */,
				AF1A7ED5288B135800CDA821 /* TabBarController.swift */,
				AF1A7EFA288C416F00CDA821 /* Model */,
				AF1A7EF0288BFED700CDA821 /* Services */,
				AF1A7EE1288BFE8500CDA821 /* Search */,
				AF1A7EF5288C2FEF00CDA821 /* Extensions */,
				AF1A7ED9288B16DE00CDA821 /* PlaylistVC.swift */,
				AF1A7EF9288C307700CDA821 /* Support files */,
			);
			path = "R • music";
			sourceTree = "<group>";
		};
		AF1A7EE1288BFE8500CDA821 /* Search */ = {
			isa = PBXGroup;
			children = (
				AF1A7EF1288C0A2A00CDA821 /* SearchViewController.storyboard */,
				AF1A7EE6288BFEA800CDA821 /* SearchViewController.swift */,
				AF1A7EE7288BFEA800CDA821 /* SearchInteractor.swift */,
				AF1A7EE2288BFEA800CDA821 /* SearchPresenter.swift */,
				AF1A7EE5288BFEA800CDA821 /* SearchModels.swift */,
				AF1A7EE3288BFEA800CDA821 /* SearchWorker.swift */,
				AF1A7EE4288BFEA800CDA821 /* SearchRouter.swift */,
				AF1A7EFB288D262000CDA821 /* Cell */,
			);
			path = Search;
			sourceTree = "<group>";
		};
		AF1A7EF0288BFED700CDA821 /* Services */ = {
			isa = PBXGroup;
			children = (
				AF1A7EDF288BF73400CDA821 /* NetworkService.swift */,
			);
			path = Services;
			sourceTree = "<group>";
		};
		AF1A7EF5288C2FEF00CDA821 /* Extensions */ = {
			isa = PBXGroup;
			children = (
				AF1A7EF3288C0DD500CDA821 /* UIVC+Storyboard.swift */,
				AF1A7EF6288C300D00CDA821 /* SearchVC+.swift */,
			);
			path = Extensions;
			sourceTree = "<group>";
		};
		AF1A7EF8288C304D00CDA821 /* Delegate */ = {
			isa = PBXGroup;
			children = (
				AF1A7EC1288B131300CDA821 /* AppDelegate.swift */,
				AF1A7EC3288B131300CDA821 /* SceneDelegate.swift */,
			);
			path = Delegate;
			sourceTree = "<group>";
		};
		AF1A7EF9288C307700CDA821 /* Support files */ = {
			isa = PBXGroup;
			children = (
				AF1A7ECA288B131B00CDA821 /* Assets.xcassets */,
				AF1A7ECC288B131B00CDA821 /* LaunchScreen.storyboard */,
				AF1A7ECF288B131B00CDA821 /* Info.plist */,
			);
			path = "Support files";
			sourceTree = "<group>";
		};
		AF1A7EFA288C416F00CDA821 /* Model */ = {
			isa = PBXGroup;
			children = (
				AF1A7EDB288B339200CDA821 /* TrackModel.swift */,
			);
			path = Model;
			sourceTree = "<group>";
		};
		AF1A7EFB288D262000CDA821 /* Cell */ = {
			isa = PBXGroup;
			children = (
				AF1A7EFC288D263200CDA821 /* TrackCell.xib */,
				AF1A7EFE288D264500CDA821 /* TrackCell.swift */,
			);
			path = Cell;
			sourceTree = "<group>";
		};
		C977FFE407DCDCC78901B075 /* Frameworks */ = {
			isa = PBXGroup;
			children = (
				E65505FC8F857FF99CD22349 /* Pods_R___music.framework */,
			);
			name = Frameworks;
			sourceTree = "<group>";
		};
/* End PBXGroup section */

/* Begin PBXNativeTarget section */
		AF1A7EBD288B131300CDA821 /* R • music */ = {
			isa = PBXNativeTarget;
			buildConfigurationList = AF1A7ED2288B131B00CDA821 /* Build configuration list for PBXNativeTarget "R • music" */;
			buildPhases = (
				2B2FE948FD1FC0BC53B41BED /* [CP] Check Pods Manifest.lock */,
				AF1A7EBA288B131300CDA821 /* Sources */,
				AF1A7EBB288B131300CDA821 /* Frameworks */,
				AF1A7EBC288B131300CDA821 /* Resources */,
				BAB04CBD61AE4F31C61B6387 /* [CP] Embed Pods Frameworks */,
			);
			buildRules = (
			);
			dependencies = (
			);
			name = "R • music";
			productName = "R • music";
			productReference = AF1A7EBE288B131300CDA821 /* R • music.app */;
			productType = "com.apple.product-type.application";
		};
/* End PBXNativeTarget section */

/* Begin PBXProject section */
		AF1A7EB6288B131300CDA821 /* Project object */ = {
			isa = PBXProject;
			attributes = {
				BuildIndependentTargetsInParallel = 1;
				LastSwiftUpdateCheck = 1340;
				LastUpgradeCheck = 1340;
				TargetAttributes = {
					AF1A7EBD288B131300CDA821 = {
						CreatedOnToolsVersion = 13.4.1;
					};
				};
			};
			buildConfigurationList = AF1A7EB9288B131300CDA821 /* Build configuration list for PBXProject "R • music" */;
			compatibilityVersion = "Xcode 13.0";
			developmentRegion = en;
			hasScannedForEncodings = 0;
			knownRegions = (
				en,
				Base,
			);
			mainGroup = AF1A7EB5288B131300CDA821;
			productRefGroup = AF1A7EBF288B131300CDA821 /* Products */;
			projectDirPath = "";
			projectRoot = "";
			targets = (
				AF1A7EBD288B131300CDA821 /* R • music */,
			);
		};
/* End PBXProject section */

/* Begin PBXResourcesBuildPhase section */
		AF1A7EBC288B131300CDA821 /* Resources */ = {
			isa = PBXResourcesBuildPhase;
			buildActionMask = 2147483647;
			files = (
				AF1A7ECE288B131B00CDA821 /* LaunchScreen.storyboard in Resources */,
				AF1A7ECB288B131B00CDA821 /* Assets.xcassets in Resources */,
				AF1A7EF2288C0A2A00CDA821 /* SearchViewController.storyboard in Resources */,
				AF1A7EFD288D263200CDA821 /* TrackCell.xib in Resources */,
			);
			runOnlyForDeploymentPostprocessing = 0;
		};
/* End PBXResourcesBuildPhase section */

/* Begin PBXShellScriptBuildPhase section */
		2B2FE948FD1FC0BC53B41BED /* [CP] Check Pods Manifest.lock */ = {
			isa = PBXShellScriptBuildPhase;
			buildActionMask = 2147483647;
			files = (
			);
			inputFileListPaths = (
			);
			inputPaths = (
				"${PODS_PODFILE_DIR_PATH}/Podfile.lock",
				"${PODS_ROOT}/Manifest.lock",
			);
			name = "[CP] Check Pods Manifest.lock";
			outputFileListPaths = (
			);
			outputPaths = (
				"$(DERIVED_FILE_DIR)/Pods-R • music-checkManifestLockResult.txt",
			);
			runOnlyForDeploymentPostprocessing = 0;
			shellPath = /bin/sh;
			shellScript = "diff \"${PODS_PODFILE_DIR_PATH}/Podfile.lock\" \"${PODS_ROOT}/Manifest.lock\" > /dev/null\nif [ $? != 0 ] ; then\n    # print error to STDERR\n    echo \"error: The sandbox is not in sync with the Podfile.lock. Run 'pod install' or update your CocoaPods installation.\" >&2\n    exit 1\nfi\n# This output is used by Xcode 'outputs' to avoid re-running this script phase.\necho \"SUCCESS\" > \"${SCRIPT_OUTPUT_FILE_0}\"\n";
			showEnvVarsInLog = 0;
		};
		BAB04CBD61AE4F31C61B6387 /* [CP] Embed Pods Frameworks */ = {
			isa = PBXShellScriptBuildPhase;
			buildActionMask = 2147483647;
			files = (
			);
			inputFileListPaths = (
				"${PODS_ROOT}/Target Support Files/Pods-R • music/Pods-R • music-frameworks-${CONFIGURATION}-input-files.xcfilelist",
			);
			name = "[CP] Embed Pods Frameworks";
			outputFileListPaths = (
				"${PODS_ROOT}/Target Support Files/Pods-R • music/Pods-R • music-frameworks-${CONFIGURATION}-output-files.xcfilelist",
			);
			runOnlyForDeploymentPostprocessing = 0;
			shellPath = /bin/sh;
			shellScript = "\"${PODS_ROOT}/Target Support Files/Pods-R • music/Pods-R • music-frameworks.sh\"\n";
			showEnvVarsInLog = 0;
		};
/* End PBXShellScriptBuildPhase section */

/* Begin PBXSourcesBuildPhase section */
		AF1A7EBA288B131300CDA821 /* Sources */ = {
			isa = PBXSourcesBuildPhase;
			buildActionMask = 2147483647;
			files = (
				AF1A7EDA288B16DE00CDA821 /* PlaylistVC.swift in Sources */,
				AF1A7ED6288B135800CDA821 /* TabBarController.swift in Sources */,
				AF1A7EEE288BFEA800CDA821 /* SearchInteractor.swift in Sources */,
				AF1A7EC2288B131300CDA821 /* AppDelegate.swift in Sources */,
				AF1A7EDC288B339200CDA821 /* TrackModel.swift in Sources */,
				AF1A7EEA288BFEA800CDA821 /* SearchWorker.swift in Sources */,
				AF1A7EED288BFEA800CDA821 /* SearchViewController.swift in Sources */,
				AF1A7EEB288BFEA800CDA821 /* SearchRouter.swift in Sources */,
				AF1A7EEC288BFEA800CDA821 /* SearchModels.swift in Sources */,
				AF1A7EC4288B131300CDA821 /* SceneDelegate.swift in Sources */,
				AF1A7EF7288C300D00CDA821 /* SearchVC+.swift in Sources */,
				AF1A7EF4288C0DD600CDA821 /* UIVC+Storyboard.swift in Sources */,
				AF1A7EE9288BFEA800CDA821 /* SearchPresenter.swift in Sources */,
				AF1A7EE0288BF73400CDA821 /* NetworkService.swift in Sources */,
				AF1A7EFF288D264500CDA821 /* TrackCell.swift in Sources */,
			);
			runOnlyForDeploymentPostprocessing = 0;
		};
/* End PBXSourcesBuildPhase section */

/* Begin PBXVariantGroup section */
		AF1A7ECC288B131B00CDA821 /* LaunchScreen.storyboard */ = {
			isa = PBXVariantGroup;
			children = (
				AF1A7ECD288B131B00CDA821 /* Base */,
			);
			name = LaunchScreen.storyboard;
			sourceTree = "<group>";
		};
/* End PBXVariantGroup section */

/* Begin XCBuildConfiguration section */
		AF1A7ED0288B131B00CDA821 /* Debug */ = {
			isa = XCBuildConfiguration;
			buildSettings = {
				ALWAYS_SEARCH_USER_PATHS = NO;
				CLANG_ANALYZER_NONNULL = YES;
				CLANG_ANALYZER_NUMBER_OBJECT_CONVERSION = YES_AGGRESSIVE;
				CLANG_CXX_LANGUAGE_STANDARD = "gnu++17";
				CLANG_ENABLE_MODULES = YES;
				CLANG_ENABLE_OBJC_ARC = YES;
				CLANG_ENABLE_OBJC_WEAK = YES;
				CLANG_WARN_BLOCK_CAPTURE_AUTORELEASING = YES;
				CLANG_WARN_BOOL_CONVERSION = YES;
				CLANG_WARN_COMMA = YES;
				CLANG_WARN_CONSTANT_CONVERSION = YES;
				CLANG_WARN_DEPRECATED_OBJC_IMPLEMENTATIONS = YES;
				CLANG_WARN_DIRECT_OBJC_ISA_USAGE = YES_ERROR;
				CLANG_WARN_DOCUMENTATION_COMMENTS = YES;
				CLANG_WARN_EMPTY_BODY = YES;
				CLANG_WARN_ENUM_CONVERSION = YES;
				CLANG_WARN_INFINITE_RECURSION = YES;
				CLANG_WARN_INT_CONVERSION = YES;
				CLANG_WARN_NON_LITERAL_NULL_CONVERSION = YES;
				CLANG_WARN_OBJC_IMPLICIT_RETAIN_SELF = YES;
				CLANG_WARN_OBJC_LITERAL_CONVERSION = YES;
				CLANG_WARN_OBJC_ROOT_CLASS = YES_ERROR;
				CLANG_WARN_QUOTED_INCLUDE_IN_FRAMEWORK_HEADER = YES;
				CLANG_WARN_RANGE_LOOP_ANALYSIS = YES;
				CLANG_WARN_STRICT_PROTOTYPES = YES;
				CLANG_WARN_SUSPICIOUS_MOVE = YES;
				CLANG_WARN_UNGUARDED_AVAILABILITY = YES_AGGRESSIVE;
				CLANG_WARN_UNREACHABLE_CODE = YES;
				CLANG_WARN__DUPLICATE_METHOD_MATCH = YES;
				COPY_PHASE_STRIP = NO;
				DEBUG_INFORMATION_FORMAT = dwarf;
				ENABLE_STRICT_OBJC_MSGSEND = YES;
				ENABLE_TESTABILITY = YES;
				GCC_C_LANGUAGE_STANDARD = gnu11;
				GCC_DYNAMIC_NO_PIC = NO;
				GCC_NO_COMMON_BLOCKS = YES;
				GCC_OPTIMIZATION_LEVEL = 0;
				GCC_PREPROCESSOR_DEFINITIONS = (
					"DEBUG=1",
					"$(inherited)",
				);
				GCC_WARN_64_TO_32_BIT_CONVERSION = YES;
				GCC_WARN_ABOUT_RETURN_TYPE = YES_ERROR;
				GCC_WARN_UNDECLARED_SELECTOR = YES;
				GCC_WARN_UNINITIALIZED_AUTOS = YES_AGGRESSIVE;
				GCC_WARN_UNUSED_FUNCTION = YES;
				GCC_WARN_UNUSED_VARIABLE = YES;
				IPHONEOS_DEPLOYMENT_TARGET = 15.5;
				MTL_ENABLE_DEBUG_INFO = INCLUDE_SOURCE;
				MTL_FAST_MATH = YES;
				ONLY_ACTIVE_ARCH = YES;
				SDKROOT = iphoneos;
				SWIFT_ACTIVE_COMPILATION_CONDITIONS = DEBUG;
				SWIFT_OPTIMIZATION_LEVEL = "-Onone";
			};
			name = Debug;
		};
		AF1A7ED1288B131B00CDA821 /* Release */ = {
			isa = XCBuildConfiguration;
			buildSettings = {
				ALWAYS_SEARCH_USER_PATHS = NO;
				CLANG_ANALYZER_NONNULL = YES;
				CLANG_ANALYZER_NUMBER_OBJECT_CONVERSION = YES_AGGRESSIVE;
				CLANG_CXX_LANGUAGE_STANDARD = "gnu++17";
				CLANG_ENABLE_MODULES = YES;
				CLANG_ENABLE_OBJC_ARC = YES;
				CLANG_ENABLE_OBJC_WEAK = YES;
				CLANG_WARN_BLOCK_CAPTURE_AUTORELEASING = YES;
				CLANG_WARN_BOOL_CONVERSION = YES;
				CLANG_WARN_COMMA = YES;
				CLANG_WARN_CONSTANT_CONVERSION = YES;
				CLANG_WARN_DEPRECATED_OBJC_IMPLEMENTATIONS = YES;
				CLANG_WARN_DIRECT_OBJC_ISA_USAGE = YES_ERROR;
				CLANG_WARN_DOCUMENTATION_COMMENTS = YES;
				CLANG_WARN_EMPTY_BODY = YES;
				CLANG_WARN_ENUM_CONVERSION = YES;
				CLANG_WARN_INFINITE_RECURSION = YES;
				CLANG_WARN_INT_CONVERSION = YES;
				CLANG_WARN_NON_LITERAL_NULL_CONVERSION = YES;
				CLANG_WARN_OBJC_IMPLICIT_RETAIN_SELF = YES;
				CLANG_WARN_OBJC_LITERAL_CONVERSION = YES;
				CLANG_WARN_OBJC_ROOT_CLASS = YES_ERROR;
				CLANG_WARN_QUOTED_INCLUDE_IN_FRAMEWORK_HEADER = YES;
				CLANG_WARN_RANGE_LOOP_ANALYSIS = YES;
				CLANG_WARN_STRICT_PROTOTYPES = YES;
				CLANG_WARN_SUSPICIOUS_MOVE = YES;
				CLANG_WARN_UNGUARDED_AVAILABILITY = YES_AGGRESSIVE;
				CLANG_WARN_UNREACHABLE_CODE = YES;
				CLANG_WARN__DUPLICATE_METHOD_MATCH = YES;
				COPY_PHASE_STRIP = NO;
				DEBUG_INFORMATION_FORMAT = "dwarf-with-dsym";
				ENABLE_NS_ASSERTIONS = NO;
				ENABLE_STRICT_OBJC_MSGSEND = YES;
				GCC_C_LANGUAGE_STANDARD = gnu11;
				GCC_NO_COMMON_BLOCKS = YES;
				GCC_WARN_64_TO_32_BIT_CONVERSION = YES;
				GCC_WARN_ABOUT_RETURN_TYPE = YES_ERROR;
				GCC_WARN_UNDECLARED_SELECTOR = YES;
				GCC_WARN_UNINITIALIZED_AUTOS = YES_AGGRESSIVE;
				GCC_WARN_UNUSED_FUNCTION = YES;
				GCC_WARN_UNUSED_VARIABLE = YES;
				IPHONEOS_DEPLOYMENT_TARGET = 15.5;
				MTL_ENABLE_DEBUG_INFO = NO;
				MTL_FAST_MATH = YES;
				SDKROOT = iphoneos;
				SWIFT_COMPILATION_MODE = wholemodule;
				SWIFT_OPTIMIZATION_LEVEL = "-O";
				VALIDATE_PRODUCT = YES;
			};
			name = Release;
		};
		AF1A7ED3288B131B00CDA821 /* Debug */ = {
			isa = XCBuildConfiguration;
			baseConfigurationReference = 60F7C13A45FB7E8CBF30CDFA /* Pods-R • music.debug.xcconfig */;
			buildSettings = {
				ASSETCATALOG_COMPILER_APPICON_NAME = AppIcon;
				ASSETCATALOG_COMPILER_GLOBAL_ACCENT_COLOR_NAME = AccentColor;
				CODE_SIGN_STYLE = Automatic;
				CURRENT_PROJECT_VERSION = 1;
				DEVELOPMENT_TEAM = 36FB83P3NL;
				GENERATE_INFOPLIST_FILE = YES;
				INFOPLIST_FILE = "R • music/Support files/Info.plist";
				INFOPLIST_KEY_UIApplicationSupportsIndirectInputEvents = YES;
				INFOPLIST_KEY_UILaunchStoryboardName = LaunchScreen;
				INFOPLIST_KEY_UISupportedInterfaceOrientations = UIInterfaceOrientationPortrait;
				INFOPLIST_KEY_UISupportedInterfaceOrientations_iPad = "UIInterfaceOrientationPortrait UIInterfaceOrientationPortraitUpsideDown UIInterfaceOrientationLandscapeLeft UIInterfaceOrientationLandscapeRight";
				INFOPLIST_KEY_UISupportedInterfaceOrientations_iPhone = "UIInterfaceOrientationPortrait UIInterfaceOrientationLandscapeLeft UIInterfaceOrientationLandscapeRight";
				LD_RUNPATH_SEARCH_PATHS = (
					"$(inherited)",
					"@executable_path/Frameworks",
				);
				MARKETING_VERSION = 1.0;
				PRODUCT_BUNDLE_IDENTIFIER = "pet-project.R---music";
				PRODUCT_NAME = "$(TARGET_NAME)";
				SWIFT_EMIT_LOC_STRINGS = YES;
				SWIFT_VERSION = 5.0;
				TARGETED_DEVICE_FAMILY = "1,2";
			};
			name = Debug;
		};
		AF1A7ED4288B131B00CDA821 /* Release */ = {
			isa = XCBuildConfiguration;
			baseConfigurationReference = C1B250B1099BAB02776D404D /* Pods-R • music.release.xcconfig */;
			buildSettings = {
				ASSETCATALOG_COMPILER_APPICON_NAME = AppIcon;
				ASSETCATALOG_COMPILER_GLOBAL_ACCENT_COLOR_NAME = AccentColor;
				CODE_SIGN_STYLE = Automatic;
				CURRENT_PROJECT_VERSION = 1;
				DEVELOPMENT_TEAM = 36FB83P3NL;
				GENERATE_INFOPLIST_FILE = YES;
				INFOPLIST_FILE = "R • music/Support files/Info.plist";
				INFOPLIST_KEY_UIApplicationSupportsIndirectInputEvents = YES;
				INFOPLIST_KEY_UILaunchStoryboardName = LaunchScreen;
				INFOPLIST_KEY_UISupportedInterfaceOrientations = UIInterfaceOrientationPortrait;
				INFOPLIST_KEY_UISupportedInterfaceOrientations_iPad = "UIInterfaceOrientationPortrait UIInterfaceOrientationPortraitUpsideDown UIInterfaceOrientationLandscapeLeft UIInterfaceOrientationLandscapeRight";
				INFOPLIST_KEY_UISupportedInterfaceOrientations_iPhone = "UIInterfaceOrientationPortrait UIInterfaceOrientationLandscapeLeft UIInterfaceOrientationLandscapeRight";
				LD_RUNPATH_SEARCH_PATHS = (
					"$(inherited)",
					"@executable_path/Frameworks",
				);
				MARKETING_VERSION = 1.0;
				PRODUCT_BUNDLE_IDENTIFIER = "pet-project.R---music";
				PRODUCT_NAME = "$(TARGET_NAME)";
				SWIFT_EMIT_LOC_STRINGS = YES;
				SWIFT_VERSION = 5.0;
				TARGETED_DEVICE_FAMILY = "1,2";
			};
			name = Release;
		};
/* End XCBuildConfiguration section */

/* Begin XCConfigurationList section */
		AF1A7EB9288B131300CDA821 /* Build configuration list for PBXProject "R • music" */ = {
			isa = XCConfigurationList;
			buildConfigurations = (
				AF1A7ED0288B131B00CDA821 /* Debug */,
				AF1A7ED1288B131B00CDA821 /* Release */,
			);
			defaultConfigurationIsVisible = 0;
			defaultConfigurationName = Release;
		};
		AF1A7ED2288B131B00CDA821 /* Build configuration list for PBXNativeTarget "R • music" */ = {
			isa = XCConfigurationList;
			buildConfigurations = (
				AF1A7ED3288B131B00CDA821 /* Debug */,
				AF1A7ED4288B131B00CDA821 /* Release */,
			);
			defaultConfigurationIsVisible = 0;
			defaultConfigurationName = Release;
		};
/* End XCConfigurationList section */
	};
	rootObject = AF1A7EB6288B131300CDA821 /* Project object */;
}
